
Microsoft Visual Studio Solution File, Format Version 12.00
# Visual Studio 15
VisualStudioVersion = 15.0.27703.2042
MinimumVisualStudioVersion = 10.0.40219.1
Project("{FAE04EC0-301F-11D3-BF4B-00C04F79EFBC}") = "Reporting.Core", "src\Reporting.Core\Reporting.Core.csproj", "{40299860-7A34-4E32-B575-AFA8E2BC2781}"
EndProject
Project("{2150E333-8FDC-42A3-9474-1A3956D46DE8}") = "Core", "src\Core", "{530BC43E-4947-4D9E-A946-B6DF5D1F29CC}"
EndProject
Project("{2150E333-8FDC-42A3-9474-1A3956D46DE8}") = "Persistence", "src\Persistence", "{4ED72D87-D9C6-4EAB-8838-BA78B1686E0B}"
EndProject
Project("{FAE04EC0-301F-11D3-BF4B-00C04F79EFBC}") = "Reporting.Data", "src\Reporting.Data\Reporting.Data.csproj", "{7DDCE772-5879-48F6-8220-79A5BFC6E139}"
EndProject
Project("{2150E333-8FDC-42A3-9474-1A3956D46DE8}") = "Integration", "src\Integration", "{9FAA749F-0841-4F5D-9F62-EAE462A45C82}"
EndProject
Project("{2150E333-8FDC-42A3-9474-1A3956D46DE8}") = "Infrastructure", "src\Infrastructure", "{DE95CDBB-1EBD-4A1B-B11D-1396E6CA4563}"
EndProject
Project("{FAE04EC0-301F-11D3-BF4B-00C04F79EFBC}") = "Reporting.BasicEngine", "src\Reporting.BasicEngine\Reporting.BasicEngine.csproj", "{94F51FAB-09BB-4AC2-9F0C-18C6FD99B939}"
EndProject
Project("{FAE04EC0-301F-11D3-BF4B-00C04F79EFBC}") = "Reporting.BuildEngine", "src\Reporting.BuildEngine\Reporting.BuildEngine.csproj", "{48A93A46-BEBF-40B5-AD35-CB6D26112DE2}"
EndProject
Project("{FAE04EC0-301F-11D3-BF4B-00C04F79EFBC}") = "Reporting.PrintingEngine", "src\Reporting.PrintingEngine\Reporting.PrintingEngine.csproj", "{84500995-F208-4ADA-8ABA-09947214271E}"
EndProject
Global
	GlobalSection(SolutionConfigurationPlatforms) = preSolution
		Debug|Any CPU = Debug|Any CPU
		Release|Any CPU = Release|Any CPU
	EndGlobalSection
	GlobalSection(ProjectConfigurationPlatforms) = postSolution
		{40299860-7A34-4E32-B575-AFA8E2BC2781}.Debug|Any CPU.ActiveCfg = Debug|Any CPU
		{40299860-7A34-4E32-B575-AFA8E2BC2781}.Debug|Any CPU.Build.0 = Debug|Any CPU
		{40299860-7A34-4E32-B575-AFA8E2BC2781}.Release|Any CPU.ActiveCfg = Release|Any CPU
		{40299860-7A34-4E32-B575-AFA8E2BC2781}.Release|Any CPU.Build.0 = Release|Any CPU
		{7DDCE772-5879-48F6-8220-79A5BFC6E139}.Debug|Any CPU.ActiveCfg = Debug|Any CPU
		{7DDCE772-5879-48F6-8220-79A5BFC6E139}.Debug|Any CPU.Build.0 = Debug|Any CPU
		{7DDCE772-5879-48F6-8220-79A5BFC6E139}.Release|Any CPU.ActiveCfg = Release|Any CPU
		{7DDCE772-5879-48F6-8220-79A5BFC6E139}.Release|Any CPU.Build.0 = Release|Any CPU
		{94F51FAB-09BB-4AC2-9F0C-18C6FD99B939}.Debug|Any CPU.ActiveCfg = Debug|Any CPU
		{94F51FAB-09BB-4AC2-9F0C-18C6FD99B939}.Debug|Any CPU.Build.0 = Debug|Any CPU
		{94F51FAB-09BB-4AC2-9F0C-18C6FD99B939}.Release|Any CPU.ActiveCfg = Release|Any CPU
		{94F51FAB-09BB-4AC2-9F0C-18C6FD99B939}.Release|Any CPU.Build.0 = Release|Any CPU
		{48A93A46-BEBF-40B5-AD35-CB6D26112DE2}.Debug|Any CPU.ActiveCfg = Debug|Any CPU
		{48A93A46-BEBF-40B5-AD35-CB6D26112DE2}.Debug|Any CPU.Build.0 = Debug|Any CPU
		{48A93A46-BEBF-40B5-AD35-CB6D26112DE2}.Release|Any CPU.ActiveCfg = Release|Any CPU
		{48A93A46-BEBF-40B5-AD35-CB6D26112DE2}.Release|Any CPU.Build.0 = Release|Any CPU
		{84500995-F208-4ADA-8ABA-09947214271E}.Debug|Any CPU.ActiveCfg = Debug|Any CPU
		{84500995-F208-4ADA-8ABA-09947214271E}.Debug|Any CPU.Build.0 = Debug|Any CPU
		{84500995-F208-4ADA-8ABA-09947214271E}.Release|Any CPU.ActiveCfg = Release|Any CPU
		{84500995-F208-4ADA-8ABA-09947214271E}.Release|Any CPU.Build.0 = Release|Any CPU
	EndGlobalSection
	GlobalSection(SolutionProperties) = preSolution
		HideSolutionNode = FALSE
	EndGlobalSection
	GlobalSection(NestedProjects) = preSolution
		{40299860-7A34-4E32-B575-AFA8E2BC2781} = {530BC43E-4947-4D9E-A946-B6DF5D1F29CC}
		{7DDCE772-5879-48F6-8220-79A5BFC6E139} = {4ED72D87-D9C6-4EAB-8838-BA78B1686E0B}
		{94F51FAB-09BB-4AC2-9F0C-18C6FD99B939} = {DE95CDBB-1EBD-4A1B-B11D-1396E6CA4563}
		{48A93A46-BEBF-40B5-AD35-CB6D26112DE2} = {DE95CDBB-1EBD-4A1B-B11D-1396E6CA4563}
		{84500995-F208-4ADA-8ABA-09947214271E} = {DE95CDBB-1EBD-4A1B-B11D-1396E6CA4563}
	EndGlobalSection
	GlobalSection(ExtensibilityGlobals) = postSolution
		SolutionGuid = {3AD5445D-7C01-43AE-A3AA-15FEF8F054EF}
	EndGlobalSection
EndGlobal
